
Microsoft Visual Studio Solution File, Format Version 12.00
# Visual Studio Version 16
VisualStudioVersion = 16.0.31105.61
MinimumVisualStudioVersion = 10.0.40219.1
Project("{FAE04EC0-301F-11D3-BF4B-00C04F79EFBC}") = "SistemaRestaurante", "SistemaRestaurante\SistemaRestaurante.csproj", "{FB66ED4C-93DC-475A-8FC5-EBE4E45814E0}"
EndProject
Global
	GlobalSection(SolutionConfigurationPlatforms) = preSolution
		Debug|Any CPU = Debug|Any CPU
		Release|Any CPU = Release|Any CPU
	EndGlobalSection
	GlobalSection(ProjectConfigurationPlatforms) = postSolution
		{FB66ED4C-93DC-475A-8FC5-EBE4E45814E0}.Debug|Any CPU.ActiveCfg = Debug|Any CPU
		{FB66ED4C-93DC-475A-8FC5-EBE4E45814E0}.Debug|Any CPU.Build.0 = Debug|Any CPU
		{FB66ED4C-93DC-475A-8FC5-EBE4E45814E0}.Release|Any CPU.ActiveCfg = Release|Any CPU
		{FB66ED4C-93DC-475A-8FC5-EBE4E45814E0}.Release|Any CPU.Build.0 = Release|Any CPU
	EndGlobalSection
	GlobalSection(SolutionProperties) = preSolution
		HideSolutionNode = FALSE
	EndGlobalSection
	GlobalSection(ExtensibilityGlobals) = postSolution
		SolutionGuid = {23C8B56C-F355-4625-BE25-2AC4D0F9ABF6}
	EndGlobalSection
EndGlobal
